
Microsoft Visual Studio Solution File, Format Version 12.00
# Visual Studio Version 17
VisualStudioVersion = 17.14.37614.0 d17.14
MinimumVisualStudioVersion = 10.0.40219.1
Project("{FAE04EC0-301F-11D3-BF4B-00C04F79EFBC}") = "Lesson 2", "buoi3\Lesson 2.csproj", "{1DE81296-FA84-43B6-8A63-A630113283D3}"
EndProject
Global
	GlobalSection(SolutionConfigurationPlatforms) = preSolution
		Debug|Any CPU = Debug|Any CPU
		Release|Any CPU = Release|Any CPU
	EndGlobalSection
	GlobalSection(ProjectConfigurationPlatforms) = postSolution
		{1DE81296-FA84-43B6-8A63-A630113283D3}.Debug|Any CPU.ActiveCfg = Debug|Any CPU
		{1DE81296-FA84-43B6-8A63-A630113283D3}.Debug|Any CPU.Build.0 = Debug|Any CPU
		{1DE81296-FA84-43B6-8A63-A630113283D3}.Release|Any CPU.ActiveCfg = Release|Any CPU
		{1DE81296-FA84-43B6-8A63-A630113283D3}.Release|Any CPU.Build.0 = Release|Any CPU
	EndGlobalSection
	GlobalSection(SolutionProperties) = preSolution
		HideSolutionNode = FALSE
	EndGlobalSection
	GlobalSection(ExtensibilityGlobals) = postSolution
		SolutionGuid = {D63D727C-A52E-400D-92EF-2683A02D1A22}
	EndGlobalSection
EndGlobal
