
Microsoft Visual Studio Solution File, Format Version 12.00
# Visual Studio Version 17
VisualStudioVersion = 17.14.37614.0 d17.14
MinimumVisualStudioVersion = 10.0.40219.1
Project("{FAE04EC0-301F-11D3-BF4B-00C04F79EFBC}") = "Lesson9", "Lesson9\Lesson9.csproj", "{D09B42B9-9856-4728-8C65-28B3CE8FA1CA}"
EndProject
Global
	GlobalSection(SolutionConfigurationPlatforms) = preSolution
		Debug|Any CPU = Debug|Any CPU
		Release|Any CPU = Release|Any CPU
	EndGlobalSection
	GlobalSection(ProjectConfigurationPlatforms) = postSolution
		{D09B42B9-9856-4728-8C65-28B3CE8FA1CA}.Debug|Any CPU.ActiveCfg = Debug|Any CPU
		{D09B42B9-9856-4728-8C65-28B3CE8FA1CA}.Debug|Any CPU.Build.0 = Debug|Any CPU
		{D09B42B9-9856-4728-8C65-28B3CE8FA1CA}.Release|Any CPU.ActiveCfg = Release|Any CPU
		{D09B42B9-9856-4728-8C65-28B3CE8FA1CA}.Release|Any CPU.Build.0 = Release|Any CPU
	EndGlobalSection
	GlobalSection(SolutionProperties) = preSolution
		HideSolutionNode = FALSE
	EndGlobalSection
	GlobalSection(ExtensibilityGlobals) = postSolution
		SolutionGuid = {0EF25A32-5AF4-4C97-8758-8F7DBBC5FE66}
	EndGlobalSection
EndGlobal
