Microsoft Visual Studio Solution File, Format Version 12.00
# Visual Studio Version 17
VisualStudioVersion = 17.14.37614.0
MinimumVisualStudioVersion = 10.0.40219.1
Project("{FAE04EC0-301F-11D3-BF4B-00C04F79EFBC}") = "Lesson3", "Lesson3\Lesson3.csproj", "{D84BD04C-B2EB-4740-8666-2ABAA657AEB0}"
EndProject
Global
	GlobalSection(SolutionConfigurationPlatforms) = preSolution
		Debug|Any CPU = Debug|Any CPU
		Release|Any CPU = Release|Any CPU
	EndGlobalSection
	GlobalSection(ProjectConfigurationPlatforms) = postSolution
		{D84BD04C-B2EB-4740-8666-2ABAA657AEB0}.Debug|Any CPU.ActiveCfg = Debug|Any CPU
		{D84BD04C-B2EB-4740-8666-2ABAA657AEB0}.Debug|Any CPU.Build.0 = Debug|Any CPU
		{D84BD04C-B2EB-4740-8666-2ABAA657AEB0}.Release|Any CPU.ActiveCfg = Release|Any CPU
		{D84BD04C-B2EB-4740-8666-2ABAA657AEB0}.Release|Any CPU.Build.0 = Release|Any CPU
	EndGlobalSection
	GlobalSection(SolutionProperties) = preSolution
		HideSolutionNode = FALSE
	EndGlobalSection
	GlobalSection(ExtensibilityGlobals) = postSolution
		SolutionGuid = {7137F320-FE40-4778-AA46-321689A6089F}
	EndGlobalSection
EndGlobal
